
Microsoft Visual Studio Solution File, Format Version 12.00
# Visual Studio Version 17
VisualStudioVersion = 17.9.34728.123
MinimumVisualStudioVersion = 10.0.40219.1
Project("{FAE04EC0-301F-11D3-BF4B-00C04F79EFBC}") = "Inventory", "Inventory\Inventory.csproj", "{D4EF8350-BD14-4BFF-9EFC-23B82627C161}"
EndProject
Project("{2150E333-8FDC-42A3-9474-1A3956D46DE8}") = "Solution Items", "Solution Items", "{6DA73E4B-F0B2-4591-8832-797A0020C7B7}"
	ProjectSection(SolutionItems) = preProject
		.editorconfig = .editorconfig
	EndProjectSection
EndProject
Global
	GlobalSection(SolutionConfigurationPlatforms) = preSolution
		Debug|Any CPU = Debug|Any CPU
		Release|Any CPU = Release|Any CPU
	EndGlobalSection
	GlobalSection(ProjectConfigurationPlatforms) = postSolution
		{D4EF8350-BD14-4BFF-9EFC-23B82627C161}.Debug|Any CPU.ActiveCfg = Debug|Any CPU
		{D4EF8350-BD14-4BFF-9EFC-23B82627C161}.Debug|Any CPU.Build.0 = Debug|Any CPU
		{D4EF8350-BD14-4BFF-9EFC-23B82627C161}.Release|Any CPU.ActiveCfg = Release|Any CPU
		{D4EF8350-BD14-4BFF-9EFC-23B82627C161}.Release|Any CPU.Build.0 = Release|Any CPU
	EndGlobalSection
	GlobalSection(SolutionProperties) = preSolution
		HideSolutionNode = FALSE
	EndGlobalSection
	GlobalSection(ExtensibilityGlobals) = postSolution
		SolutionGuid = {10C83E51-D4DA-47DB-A910-656F3C3EE2D4}
	EndGlobalSection
EndGlobal
